
Microsoft Visual Studio Solution File, Format Version 12.00
# Visual Studio Version 16
VisualStudioVersion = 16.0.29306.81
MinimumVisualStudioVersion = 10.0.40219.1
Project("{FAE04EC0-301F-11D3-BF4B-00C04F79EFBC}") = "Notes.Android", "Notes\Notes.Android\Notes.Android.csproj", "{F1B64B05-885A-4FD4-9F1A-78CE3E92B682}"
EndProject
Project("{FAE04EC0-301F-11D3-BF4B-00C04F79EFBC}") = "Notes.iOS", "Notes\Notes.iOS\Notes.iOS.csproj", "{CD793815-65D8-4BBA-A739-E239A9470F6D}"
EndProject
Project("{FAE04EC0-301F-11D3-BF4B-00C04F79EFBC}") = "Notes", "Notes\Notes\Notes.csproj", "{98C28286-5CAC-4C2B-9A24-A7483B71374B}"
EndProject
Global
	GlobalSection(SolutionConfigurationPlatforms) = preSolution
		Debug|Any CPU = Debug|Any CPU
		Debug|iPhone = Debug|iPhone
		Debug|iPhoneSimulator = Debug|iPhoneSimulator
		Release|Any CPU = Release|Any CPU
		Release|iPhone = Release|iPhone
		Release|iPhoneSimulator = Release|iPhoneSimulator
	EndGlobalSection
	GlobalSection(ProjectConfigurationPlatforms) = postSolution
		{F1B64B05-885A-4FD4-9F1A-78CE3E92B682}.Debug|Any CPU.ActiveCfg = Debug|Any CPU
		{F1B64B05-885A-4FD4-9F1A-78CE3E92B682}.Debug|Any CPU.Build.0 = Debug|Any CPU
		{F1B64B05-885A-4FD4-9F1A-78CE3E92B682}.Debug|Any CPU.Deploy.0 = Debug|Any CPU
		{F1B64B05-885A-4FD4-9F1A-78CE3E92B682}.Debug|iPhone.ActiveCfg = Debug|Any CPU
		{F1B64B05-885A-4FD4-9F1A-78CE3E92B682}.Debug|iPhone.Build.0 = Debug|Any CPU
		{F1B64B05-885A-4FD4-9F1A-78CE3E92B682}.Debug|iPhone.Deploy.0 = Debug|Any CPU
		{F1B64B05-885A-4FD4-9F1A-78CE3E92B682}.Debug|iPhoneSimulator.ActiveCfg = Debug|Any CPU
		{F1B64B05-885A-4FD4-9F1A-78CE3E92B682}.Debug|iPhoneSimulator.Build.0 = Debug|Any CPU
		{F1B64B05-885A-4FD4-9F1A-78CE3E92B682}.Debug|iPhoneSimulator.Deploy.0 = Debug|Any CPU
		{F1B64B05-885A-4FD4-9F1A-78CE3E92B682}.Release|Any CPU.ActiveCfg = Release|Any CPU
		{F1B64B05-885A-4FD4-9F1A-78CE3E92B682}.Release|Any CPU.Build.0 = Release|Any CPU
		{F1B64B05-885A-4FD4-9F1A-78CE3E92B682}.Release|Any CPU.Deploy.0 = Release|Any CPU
		{F1B64B05-885A-4FD4-9F1A-78CE3E92B682}.Release|iPhone.ActiveCfg = Release|Any CPU
		{F1B64B05-885A-4FD4-9F1A-78CE3E92B682}.Release|iPhone.Build.0 = Release|Any CPU
		{F1B64B05-885A-4FD4-9F1A-78CE3E92B682}.Release|iPhone.Deploy.0 = Release|Any CPU
		{F1B64B05-885A-4FD4-9F1A-78CE3E92B682}.Release|iPhoneSimulator.ActiveCfg = Release|Any CPU
		{F1B64B05-885A-4FD4-9F1A-78CE3E92B682}.Release|iPhoneSimulator.Build.0 = Release|Any CPU
		{F1B64B05-885A-4FD4-9F1A-78CE3E92B682}.Release|iPhoneSimulator.Deploy.0 = Release|Any CPU
		{CD793815-65D8-4BBA-A739-E239A9470F6D}.Debug|Any CPU.ActiveCfg = Debug|iPhoneSimulator
		{CD793815-65D8-4BBA-A739-E239A9470F6D}.Debug|Any CPU.Build.0 = Debug|iPhoneSimulator
		{CD793815-65D8-4BBA-A739-E239A9470F6D}.Debug|Any CPU.Deploy.0 = Debug|iPhoneSimulator
		{CD793815-65D8-4BBA-A739-E239A9470F6D}.Debug|iPhone.ActiveCfg = Debug|iPhone
		{CD793815-65D8-4BBA-A739-E239A9470F6D}.Debug|iPhone.Build.0 = Debug|iPhone
		{CD793815-65D8-4BBA-A739-E239A9470F6D}.Debug|iPhone.Deploy.0 = Debug|iPhone
		{CD793815-65D8-4BBA-A739-E239A9470F6D}.Debug|iPhoneSimulator.ActiveCfg = Debug|iPhoneSimulator
		{CD793815-65D8-4BBA-A739-E239A9470F6D}.Debug|iPhoneSimulator.Build.0 = Debug|iPhoneSimulator
		{CD793815-65D8-4BBA-A739-E239A9470F6D}.Debug|iPhoneSimulator.Deploy.0 = Debug|iPhoneSimulator
		{CD793815-65D8-4BBA-A739-E239A9470F6D}.Release|Any CPU.ActiveCfg = Release|iPhone
		{CD793815-65D8-4BBA-A739-E239A9470F6D}.Release|Any CPU.Build.0 = Release|iPhone
		{CD793815-65D8-4BBA-A739-E239A9470F6D}.Release|Any CPU.Deploy.0 = Release|iPhone
		{CD793815-65D8-4BBA-A739-E239A9470F6D}.Release|iPhone.ActiveCfg = Release|iPhone
		{CD793815-65D8-4BBA-A739-E239A9470F6D}.Release|iPhone.Build.0 = Release|iPhone
		{CD793815-65D8-4BBA-A739-E239A9470F6D}.Release|iPhone.Deploy.0 = Release|iPhone
		{CD793815-65D8-4BBA-A739-E239A9470F6D}.Release|iPhoneSimulator.ActiveCfg = Release|iPhoneSimulator
		{CD793815-65D8-4BBA-A739-E239A9470F6D}.Release|iPhoneSimulator.Build.0 = Release|iPhoneSimulator
		{CD793815-65D8-4BBA-A739-E239A9470F6D}.Release|iPhoneSimulator.Deploy.0 = Release|iPhoneSimulator
		{98C28286-5CAC-4C2B-9A24-A7483B71374B}.Debug|Any CPU.ActiveCfg = Debug|Any CPU
		{98C28286-5CAC-4C2B-9A24-A7483B71374B}.Debug|Any CPU.Build.0 = Debug|Any CPU
		{98C28286-5CAC-4C2B-9A24-A7483B71374B}.Debug|Any CPU.Deploy.0 = Debug|Any CPU
		{98C28286-5CAC-4C2B-9A24-A7483B71374B}.Debug|iPhone.ActiveCfg = Debug|Any CPU
		{98C28286-5CAC-4C2B-9A24-A7483B71374B}.Debug|iPhone.Build.0 = Debug|Any CPU
		{98C28286-5CAC-4C2B-9A24-A7483B71374B}.Debug|iPhone.Deploy.0 = Debug|Any CPU
		{98C28286-5CAC-4C2B-9A24-A7483B71374B}.Debug|iPhoneSimulator.ActiveCfg = Debug|Any CPU
		{98C28286-5CAC-4C2B-9A24-A7483B71374B}.Debug|iPhoneSimulator.Build.0 = Debug|Any CPU
		{98C28286-5CAC-4C2B-9A24-A7483B71374B}.Debug|iPhoneSimulator.Deploy.0 = Debug|Any CPU
		{98C28286-5CAC-4C2B-9A24-A7483B71374B}.Release|Any CPU.ActiveCfg = Release|Any CPU
		{98C28286-5CAC-4C2B-9A24-A7483B71374B}.Release|Any CPU.Build.0 = Release|Any CPU
		{98C28286-5CAC-4C2B-9A24-A7483B71374B}.Release|Any CPU.Deploy.0 = Release|Any CPU
		{98C28286-5CAC-4C2B-9A24-A7483B71374B}.Release|iPhone.ActiveCfg = Release|Any CPU
		{98C28286-5CAC-4C2B-9A24-A7483B71374B}.Release|iPhone.Build.0 = Release|Any CPU
		{98C28286-5CAC-4C2B-9A24-A7483B71374B}.Release|iPhone.Deploy.0 = Release|Any CPU
		{98C28286-5CAC-4C2B-9A24-A7483B71374B}.Release|iPhoneSimulator.ActiveCfg = Release|Any CPU
		{98C28286-5CAC-4C2B-9A24-A7483B71374B}.Release|iPhoneSimulator.Build.0 = Release|Any CPU
		{98C28286-5CAC-4C2B-9A24-A7483B71374B}.Release|iPhoneSimulator.Deploy.0 = Release|Any CPU
	EndGlobalSection
	GlobalSection(SolutionProperties) = preSolution
		HideSolutionNode = FALSE
	EndGlobalSection
	GlobalSection(ExtensibilityGlobals) = postSolution
		SolutionGuid = {2F2EFA71-3AC0-461B-87FC-084FD4C9273C}
	EndGlobalSection
EndGlobal
